{
  "nodes": {
    "crane": {
      "locked": {
        "lastModified": 1775236976,
        "narHash": "sha256-gCgX+AXN7K1gAIEqcLcZHxmC+QoZcwn9m6Z9r2Az+N8=",
        "owner": "ipetkov",
        "repo": "crane",
        "rev": "6c23998526351a53ce734f0ac84940da988ccef1",
        "type": "github"
      },
      "original": {
        "owner": "ipetkov",
        "repo": "crane",
        "type": "github"
      }
    },
    "dylint-src": {
      "flake": false,
      "locked": {
        "lastModified": 1774225669,
        "narHash": "sha256-3OkN9IX1ommW6JZlgOOalz8Zx8tQGNgjaM7LVMYFZVg=",
        "owner": "trailofbits",
        "repo": "dylint",
        "rev": "0e0a71eefe6f01563d11acc6e1d7af1d505934a9",
        "type": "github"
      },
      "original": {
        "owner": "trailofbits",
        "repo": "dylint",
        "rev": "0e0a71eefe6f01563d11acc6e1d7af1d505934a9",
        "type": "github"
      }
    },
    "flake-utils": {
      "inputs": {
        "systems": "systems"
      },
      "locked": {
        "lastModified": 1731533236,
        "narHash": "sha256-l0KFg5HjrsfsO/JpG+r7fRrqm12kzFHyUHqHCVpMMbI=",
        "owner": "numtide",
        "repo": "flake-utils",
        "rev": "11707dc2f618dd54ca8739b309ec4fc024de578b",
        "type": "github"
      },
      "original": {
        "owner": "numtide",
        "repo": "flake-utils",
        "type": "github"
      }
    },
    "nickelExportCore": {
      "flake": false,
      "locked": {
        "lastModified": 1783990479,
        "narHash": "sha256-dV4+/jghpJ89F5DHprdjxyru8kllMAurS2DsBGn/ibA=",
        "owner": "OnixResearch",
        "repo": "nickel-export",
        "rev": "257fafc1c746f1faf156207043a4c826bfb16d49",
        "type": "github"
      },
      "original": {
        "owner": "OnixResearch",
        "repo": "nickel-export",
        "rev": "257fafc1c746f1faf156207043a4c826bfb16d49",
        "type": "github"
      }
    },
    "nixpkgs": {
      "locked": {
        "lastModified": 1775579569,
        "narHash": "sha256-/m3yyS/EnXqoPGBJYVy4jTOsirdgsEZ3JdN2gGkBr14=",
        "owner": "NixOS",
        "repo": "nixpkgs",
        "rev": "dfd9566f82a6e1d55c30f861879186440614696e",
        "type": "github"
      },
      "original": {
        "owner": "NixOS",
        "ref": "nixpkgs-unstable",
        "repo": "nixpkgs",
        "type": "github"
      }
    },
    "onix-nixpkgs": {
      "locked": {
        "lastModified": 1775036866,
        "narHash": "sha256-ZojAnPuCdy657PbTq5V0Y+AHKhZAIwSIT2cb8UgAz/U=",
        "owner": "NixOS",
        "repo": "nixpkgs",
        "rev": "6201e203d09599479a3b3450ed24fa81537ebc4e",
        "type": "github"
      },
      "original": {
        "owner": "NixOS",
        "repo": "nixpkgs",
        "rev": "6201e203d09599479a3b3450ed24fa81537ebc4e",
        "type": "github"
      }
    },
    "root": {
      "inputs": {
        "crane": "crane",
        "flake-utils": "flake-utils",
        "nickelExportCore": "nickelExportCore",
        "nixpkgs": "nixpkgs",
        "onix-nixpkgs": "onix-nixpkgs",
        "rust-overlay": "rust-overlay",
        "tigerstyle": "tigerstyle",
        "wasi-virt": "wasi-virt"
      }
    },
    "rust-overlay": {
      "inputs": {
        "nixpkgs": [
          "nixpkgs"
        ]
      },
      "locked": {
        "lastModified": 1775617983,
        "narHash": "sha256-2NWGA/I4j/qlx6qbg86QvJiK1/GyH9gnf0hFiARWVwE=",
        "owner": "oxalica",
        "repo": "rust-overlay",
        "rev": "d98b91b1feae7ef07fa2ccb3aa3f83f11abfae54",
        "type": "github"
      },
      "original": {
        "owner": "oxalica",
        "repo": "rust-overlay",
        "type": "github"
      }
    },
    "systems": {
      "locked": {
        "lastModified": 1681028828,
        "narHash": "sha256-Vy1rq5AaRuLzOxct8nz4T6wlgyUR7zLU309k9mBC768=",
        "owner": "nix-systems",
        "repo": "default",
        "rev": "da67096a3b9bf56a91d16901293e51ba5b49a27e",
        "type": "github"
      },
      "original": {
        "owner": "nix-systems",
        "repo": "default",
        "type": "github"
      }
    },
    "tigerstyle": {
      "inputs": {
        "crane": [
          "crane"
        ],
        "dylint-src": "dylint-src",
        "flake-utils": [
          "flake-utils"
        ],
        "nixpkgs": [
          "nixpkgs"
        ],
        "rust-overlay": [
          "rust-overlay"
        ]
      },
      "locked": {
        "lastModified": 1776562221,
        "narHash": "sha256-Dvt2C0WZBrZf4RWEXCDX17UAsFmJ1EzlL9GffWi7aG0=",
        "ref": "main",
        "rev": "bbf5fbb60679668ca8c42593fd617db2d0f89b43",
        "revCount": 91,
        "type": "git",
        "url": "ssh://git@github.com/brittonr/tigerstyle-rs.git"
      },
      "original": {
        "ref": "main",
        "type": "git",
        "url": "ssh://git@github.com/brittonr/tigerstyle-rs.git"
      }
    },
    "wasi-virt": {
      "flake": false,
      "locked": {
        "lastModified": 1760537237,
        "narHash": "sha256-dj9FN941ejZXfbHsC2rxs7/2LSUeKQEf545aZ0QkEdI=",
        "owner": "bytecodealliance",
        "repo": "wasi-virt",
        "rev": "19b174a3244f81ed9b91e067b6901f71665316a8",
        "type": "github"
      },
      "original": {
        "owner": "bytecodealliance",
        "repo": "wasi-virt",
        "rev": "19b174a3244f81ed9b91e067b6901f71665316a8",
        "type": "github"
      }
    }
  },
  "root": "root",
  "version": 7
}
