version = 4

[[package]]
name = "crc64"
version = "2.0.0"
source = "registry+https://github.com/rust-lang/crates.io-index"
checksum = "2707e3afba5e19b75d582d88bc79237418f2a2a2d673d01cf9b03633b46e98f3"

[[package]]
name = "lock-vendor-two-crate"
version = "0.1.0"
dependencies = [
 "crc64",
 "memchr",
]

[[package]]
name = "memchr"
version = "2.8.0"
source = "registry+https://github.com/rust-lang/crates.io-index"
checksum = "f8ca58f447f06ed17d5fc4043ce1b10dd205e060fb3ce5b979b8ed8e59ff3f79"
