{
  "version": "1.0.0",
  "inputs": {
    "message-source": {
      "kind": {
        "type": "file",
        "url": "file://./sources/message.txt"
      },
      "hash": {
        "algo": "sha256",
        "value": "sha256-XGINfU3brMRLhXK30Y/SmDkpU8gTWKGpjegOKEn9074="
      },
      "patches": [
        "message-fix"
      ],
      "mirrors": [
        "https://mirror.example.invalid/message.txt"
      ],
      "fetch_policy": "generation-material",
      "freshness": null,
      "trust": null
    }
  },
  "patches": {
    "message-fix": {
      "source": {
        "type": "local",
        "path": "patches/message.patch"
      },
      "hash": {
        "algo": "sha256",
        "value": "sha256-pqiDFMqDrufj+fCOxU5fdZcqh/pHpJfsueepR8vIqE0="
      }
    }
  }
}